<?xml version="1.0" encoding="utf-8"?>
<Project ToolsVersion="4.0" xmlns="http://schemas.microsoft.com/developer/msbuild/2003">
  <ItemGroup>
    <Filter Include="源文件">
      <UniqueIdentifier>{4FC737F1-C7A5-4376-A066-2A32D752A2FF}</UniqueIdentifier>
      <Extensions>cpp;c;cc;cxx;def;odl;idl;hpj;bat;asm;asmx</Extensions>
    </Filter>
    <Filter Include="头文件">
      <UniqueIdentifier>{93995380-89BD-4b04-88EB-625FBE52EBFB}</UniqueIdentifier>
      <Extensions>h;hh;hpp;hxx;hm;inl;inc;ipp;xsd</Extensions>
    </Filter>
    <Filter Include="资源文件">
      <UniqueIdentifier>{67DA6AB6-F800-4c08-8B7A-83BB121AAD01}</UniqueIdentifier>
      <Extensions>rc;ico;cur;bmp;dlg;rc2;rct;bin;rgs;gif;jpg;jpeg;jpe;resx;tiff;tif;png;wav;mfcribbon-ms</Extensions>
    </Filter>
    <Filter Include="log">
      <UniqueIdentifier>{115e146b-65b7-4f6b-b675-15152655cb6d}</UniqueIdentifier>
    </Filter>
    <Filter Include="config">
      <UniqueIdentifier>{02a3c91c-2e58-4747-8554-c206712725b5}</UniqueIdentifier>
    </Filter>
    <Filter Include="wrapper">
      <UniqueIdentifier>{3686fbee-b993-4477-b20c-749d8cc7d3fc}</UniqueIdentifier>
    </Filter>
  </ItemGroup>
  <ItemGroup>
    <ClCompile Include="..\..\..\..\phoenix\comm\nim_log\log\log_file.cpp">
      <Filter>log</Filter>
    </ClCompile>
    <ClCompile Include="..\..\..\..\phoenix\comm\nim_log\log\log_mmap_file.cpp">
      <Filter>log</Filter>
    </ClCompile>
    <ClCompile Include="..\..\..\..\phoenix\comm\nim_log\log\log_os_filesys_util_win32.cpp">
      <Filter>log</Filter>
    </ClCompile>
    <ClCompile Include="..\..\..\..\phoenix\comm\nim_log\log\log_imp.cpp">
      <Filter>log</Filter>
    </ClCompile>
    <ClCompile Include="..\..\..\..\phoenix\comm\nim_log\wrapper\log.cpp">
      <Filter>wrapper</Filter>
    </ClCompile>
  </ItemGroup>
  <ItemGroup>
    <ClInclude Include="..\..\..\..\phoenix\comm\nim_log\log\log_def.h">
      <Filter>log</Filter>
    </ClInclude>
    <ClInclude Include="..\..\..\..\phoenix\comm\nim_log\log\log_file.h">
      <Filter>log</Filter>
    </ClInclude>
    <ClInclude Include="..\..\..\..\phoenix\comm\nim_log\log\log_imp.h">
      <Filter>log</Filter>
    </ClInclude>
    <ClInclude Include="..\..\..\..\phoenix\comm\nim_log\config\build_config.h">
      <Filter>config</Filter>
    </ClInclude>
    <ClInclude Include="..\..\..\..\phoenix\comm\nim_log\nim_log_export.h">
      <Filter>头文件</Filter>
    </ClInclude>
    <ClInclude Include="..\..\..\..\phoenix\comm\nim_log\wrapper\log.h">
      <Filter>wrapper</Filter>
    </ClInclude>
  </ItemGroup>
</Project>