
Microsoft Visual Studio Solution File, Format Version 12.00
# Visual Studio 15
VisualStudioVersion = 15.0.28307.902
MinimumVisualStudioVersion = 10.0.40219.1
Project("{2150E333-8FDC-42A3-9474-1A3956D46DE8}") = "network", "network", "{014AB0A4-4270-4F71-B249-8A101B0580BB}"
EndProject
Project("{2150E333-8FDC-42A3-9474-1A3956D46DE8}") = "comm", "comm", "{1EE00C3E-6643-4913-B213-8BDAF09FB210}"
EndProject
Project("{2150E333-8FDC-42A3-9474-1A3956D46DE8}") = "simples", "simples", "{5D28EE84-F85D-42BC-9315-14CF625E7303}"
EndProject
Project("{2150E333-8FDC-42A3-9474-1A3956D46DE8}") = "base", "base", "{270E5FEC-C221-4319-9AEE-B4C841BD3A8A}"
EndProject
Project("{8BC9CEB8-8B4A-11D0-8D11-00A0C91BC942}") = "demo", "..\..\simples\project\windows\demo\demo.vcxproj", "{4A56A31F-A9C9-42E1-AA8E-2A264A5E454D}"
EndProject
Project("{8BC9CEB8-8B4A-11D0-8D11-00A0C91BC942}") = "nim_encrypt_test", "..\..\simples\project\windows\nim_encrypt_test\nim_encrypt_test.vcxproj", "{3C730827-28C3-4A65-B4D2-3466EF3F6DBF}"
EndProject
Project("{8BC9CEB8-8B4A-11D0-8D11-00A0C91BC942}") = "nim_http_test", "..\..\simples\project\windows\nim_http_test\nim_http_test.vcxproj", "{FC6DA6CD-A3B4-4CEB-B405-1C9E587E214C}"
EndProject
Project("{8BC9CEB8-8B4A-11D0-8D11-00A0C91BC942}") = "nim_log_test", "..\..\simples\project\windows\nim_log_test\test.vcxproj", "{86DF1410-AADE-4192-8674-5D26F881706F}"
EndProject
Project("{8BC9CEB8-8B4A-11D0-8D11-00A0C91BC942}") = "google_base", "base\google_base\google_base.vcxproj", "{EB38C219-A17C-45EC-B2D5-0186716DBEB0}"
EndProject
Project("{8BC9CEB8-8B4A-11D0-8D11-00A0C91BC942}") = "extension", "base\extension\extension.vcxproj", "{E4AD719A-FFEE-49C2-B57F-4463BED2A387}"
EndProject
Project("{8BC9CEB8-8B4A-11D0-8D11-00A0C91BC942}") = "google_net", "network\google_net\google_net.vcxproj", "{4DA564D0-6DC8-42C7-A078-7A9EFF695D57}"
EndProject
Project("{8BC9CEB8-8B4A-11D0-8D11-00A0C91BC942}") = "proxy_config", "network\proxy_config\proxy_config.vcxproj", "{34A8315A-D8FC-4854-85F2-7F5E851281BE}"
EndProject
Project("{8BC9CEB8-8B4A-11D0-8D11-00A0C91BC942}") = "nim_encrypt", "comm\nim_encrypt\nim_encrypt.vcxproj", "{5644E0AE-2800-4F64-B219-2AE47CFFDFCF}"
EndProject
Project("{8BC9CEB8-8B4A-11D0-8D11-00A0C91BC942}") = "nim_http", "comm\nim_http\nim_http.vcxproj", "{631B0B69-DDCE-4DB1-9681-6A67D89999D6}"
EndProject
Project("{8BC9CEB8-8B4A-11D0-8D11-00A0C91BC942}") = "nim_log", "comm\nim_log\nim_log.vcxproj", "{39EAA991-100A-4A11-953C-BE265273DA42}"
EndProject
Project("{8BC9CEB8-8B4A-11D0-8D11-00A0C91BC942}") = "nim_db", "comm\nim_db\nim_db.vcxproj", "{14E9B566-A3AF-4EE0-A53F-6E867E603D0A}"
EndProject
Global
	GlobalSection(SolutionConfigurationPlatforms) = preSolution
		Debug|Win32 = Debug|Win32
		Debug|x64 = Debug|x64
		Release|Win32 = Release|Win32
		Release|x64 = Release|x64
	EndGlobalSection
	GlobalSection(ProjectConfigurationPlatforms) = postSolution
		{4A56A31F-A9C9-42E1-AA8E-2A264A5E454D}.Debug|Win32.ActiveCfg = Debug|Win32
		{4A56A31F-A9C9-42E1-AA8E-2A264A5E454D}.Debug|Win32.Build.0 = Debug|Win32
		{4A56A31F-A9C9-42E1-AA8E-2A264A5E454D}.Debug|x64.ActiveCfg = Debug|x64
		{4A56A31F-A9C9-42E1-AA8E-2A264A5E454D}.Debug|x64.Build.0 = Debug|x64
		{4A56A31F-A9C9-42E1-AA8E-2A264A5E454D}.Release|Win32.ActiveCfg = Release|Win32
		{4A56A31F-A9C9-42E1-AA8E-2A264A5E454D}.Release|Win32.Build.0 = Release|Win32
		{4A56A31F-A9C9-42E1-AA8E-2A264A5E454D}.Release|x64.ActiveCfg = Release|x64
		{4A56A31F-A9C9-42E1-AA8E-2A264A5E454D}.Release|x64.Build.0 = Release|x64
		{3C730827-28C3-4A65-B4D2-3466EF3F6DBF}.Debug|Win32.ActiveCfg = Debug|Win32
		{3C730827-28C3-4A65-B4D2-3466EF3F6DBF}.Debug|Win32.Build.0 = Debug|Win32
		{3C730827-28C3-4A65-B4D2-3466EF3F6DBF}.Debug|x64.ActiveCfg = Debug|x64
		{3C730827-28C3-4A65-B4D2-3466EF3F6DBF}.Debug|x64.Build.0 = Debug|x64
		{3C730827-28C3-4A65-B4D2-3466EF3F6DBF}.Release|Win32.ActiveCfg = Release|Win32
		{3C730827-28C3-4A65-B4D2-3466EF3F6DBF}.Release|Win32.Build.0 = Release|Win32
		{3C730827-28C3-4A65-B4D2-3466EF3F6DBF}.Release|x64.ActiveCfg = Release|x64
		{3C730827-28C3-4A65-B4D2-3466EF3F6DBF}.Release|x64.Build.0 = Release|x64
		{FC6DA6CD-A3B4-4CEB-B405-1C9E587E214C}.Debug|Win32.ActiveCfg = Debug|Win32
		{FC6DA6CD-A3B4-4CEB-B405-1C9E587E214C}.Debug|Win32.Build.0 = Debug|Win32
		{FC6DA6CD-A3B4-4CEB-B405-1C9E587E214C}.Debug|x64.ActiveCfg = Debug|x64
		{FC6DA6CD-A3B4-4CEB-B405-1C9E587E214C}.Debug|x64.Build.0 = Debug|x64
		{FC6DA6CD-A3B4-4CEB-B405-1C9E587E214C}.Release|Win32.ActiveCfg = Release|Win32
		{FC6DA6CD-A3B4-4CEB-B405-1C9E587E214C}.Release|Win32.Build.0 = Release|Win32
		{FC6DA6CD-A3B4-4CEB-B405-1C9E587E214C}.Release|x64.ActiveCfg = Release|x64
		{FC6DA6CD-A3B4-4CEB-B405-1C9E587E214C}.Release|x64.Build.0 = Release|x64
		{86DF1410-AADE-4192-8674-5D26F881706F}.Debug|Win32.ActiveCfg = Debug|Win32
		{86DF1410-AADE-4192-8674-5D26F881706F}.Debug|Win32.Build.0 = Debug|Win32
		{86DF1410-AADE-4192-8674-5D26F881706F}.Debug|x64.ActiveCfg = Debug|x64
		{86DF1410-AADE-4192-8674-5D26F881706F}.Debug|x64.Build.0 = Debug|x64
		{86DF1410-AADE-4192-8674-5D26F881706F}.Release|Win32.ActiveCfg = Release|Win32
		{86DF1410-AADE-4192-8674-5D26F881706F}.Release|Win32.Build.0 = Release|Win32
		{86DF1410-AADE-4192-8674-5D26F881706F}.Release|x64.ActiveCfg = Release|x64
		{86DF1410-AADE-4192-8674-5D26F881706F}.Release|x64.Build.0 = Release|x64
		{EB38C219-A17C-45EC-B2D5-0186716DBEB0}.Debug|Win32.ActiveCfg = Debug|Win32
		{EB38C219-A17C-45EC-B2D5-0186716DBEB0}.Debug|Win32.Build.0 = Debug|Win32
		{EB38C219-A17C-45EC-B2D5-0186716DBEB0}.Debug|x64.ActiveCfg = Debug|x64
		{EB38C219-A17C-45EC-B2D5-0186716DBEB0}.Debug|x64.Build.0 = Debug|x64
		{EB38C219-A17C-45EC-B2D5-0186716DBEB0}.Release|Win32.ActiveCfg = Release|Win32
		{EB38C219-A17C-45EC-B2D5-0186716DBEB0}.Release|Win32.Build.0 = Release|Win32
		{EB38C219-A17C-45EC-B2D5-0186716DBEB0}.Release|x64.ActiveCfg = Release|x64
		{EB38C219-A17C-45EC-B2D5-0186716DBEB0}.Release|x64.Build.0 = Release|x64
		{E4AD719A-FFEE-49C2-B57F-4463BED2A387}.Debug|Win32.ActiveCfg = Debug|Win32
		{E4AD719A-FFEE-49C2-B57F-4463BED2A387}.Debug|Win32.Build.0 = Debug|Win32
		{E4AD719A-FFEE-49C2-B57F-4463BED2A387}.Debug|x64.ActiveCfg = Debug|x64
		{E4AD719A-FFEE-49C2-B57F-4463BED2A387}.Debug|x64.Build.0 = Debug|x64
		{E4AD719A-FFEE-49C2-B57F-4463BED2A387}.Release|Win32.ActiveCfg = Release|Win32
		{E4AD719A-FFEE-49C2-B57F-4463BED2A387}.Release|Win32.Build.0 = Release|Win32
		{E4AD719A-FFEE-49C2-B57F-4463BED2A387}.Release|x64.ActiveCfg = Release|x64
		{E4AD719A-FFEE-49C2-B57F-4463BED2A387}.Release|x64.Build.0 = Release|x64
		{4DA564D0-6DC8-42C7-A078-7A9EFF695D57}.Debug|Win32.ActiveCfg = Debug|Win32
		{4DA564D0-6DC8-42C7-A078-7A9EFF695D57}.Debug|Win32.Build.0 = Debug|Win32
		{4DA564D0-6DC8-42C7-A078-7A9EFF695D57}.Debug|x64.ActiveCfg = Debug|x64
		{4DA564D0-6DC8-42C7-A078-7A9EFF695D57}.Debug|x64.Build.0 = Debug|x64
		{4DA564D0-6DC8-42C7-A078-7A9EFF695D57}.Release|Win32.ActiveCfg = Release|Win32
		{4DA564D0-6DC8-42C7-A078-7A9EFF695D57}.Release|Win32.Build.0 = Release|Win32
		{4DA564D0-6DC8-42C7-A078-7A9EFF695D57}.Release|x64.ActiveCfg = Release|x64
		{4DA564D0-6DC8-42C7-A078-7A9EFF695D57}.Release|x64.Build.0 = Release|x64
		{34A8315A-D8FC-4854-85F2-7F5E851281BE}.Debug|Win32.ActiveCfg = Debug|Win32
		{34A8315A-D8FC-4854-85F2-7F5E851281BE}.Debug|Win32.Build.0 = Debug|Win32
		{34A8315A-D8FC-4854-85F2-7F5E851281BE}.Debug|x64.ActiveCfg = Debug|x64
		{34A8315A-D8FC-4854-85F2-7F5E851281BE}.Debug|x64.Build.0 = Debug|x64
		{34A8315A-D8FC-4854-85F2-7F5E851281BE}.Release|Win32.ActiveCfg = Release|Win32
		{34A8315A-D8FC-4854-85F2-7F5E851281BE}.Release|Win32.Build.0 = Release|Win32
		{34A8315A-D8FC-4854-85F2-7F5E851281BE}.Release|x64.ActiveCfg = Release|x64
		{34A8315A-D8FC-4854-85F2-7F5E851281BE}.Release|x64.Build.0 = Release|x64
		{5644E0AE-2800-4F64-B219-2AE47CFFDFCF}.Debug|Win32.ActiveCfg = Debug|Win32
		{5644E0AE-2800-4F64-B219-2AE47CFFDFCF}.Debug|Win32.Build.0 = Debug|Win32
		{5644E0AE-2800-4F64-B219-2AE47CFFDFCF}.Debug|x64.ActiveCfg = Debug|x64
		{5644E0AE-2800-4F64-B219-2AE47CFFDFCF}.Debug|x64.Build.0 = Debug|x64
		{5644E0AE-2800-4F64-B219-2AE47CFFDFCF}.Release|Win32.ActiveCfg = Release|Win32
		{5644E0AE-2800-4F64-B219-2AE47CFFDFCF}.Release|Win32.Build.0 = Release|Win32
		{5644E0AE-2800-4F64-B219-2AE47CFFDFCF}.Release|x64.ActiveCfg = Release|x64
		{5644E0AE-2800-4F64-B219-2AE47CFFDFCF}.Release|x64.Build.0 = Release|x64
		{631B0B69-DDCE-4DB1-9681-6A67D89999D6}.Debug|Win32.ActiveCfg = Debug|Win32
		{631B0B69-DDCE-4DB1-9681-6A67D89999D6}.Debug|Win32.Build.0 = Debug|Win32
		{631B0B69-DDCE-4DB1-9681-6A67D89999D6}.Debug|x64.ActiveCfg = Debug|x64
		{631B0B69-DDCE-4DB1-9681-6A67D89999D6}.Debug|x64.Build.0 = Debug|x64
		{631B0B69-DDCE-4DB1-9681-6A67D89999D6}.Release|Win32.ActiveCfg = Release|Win32
		{631B0B69-DDCE-4DB1-9681-6A67D89999D6}.Release|Win32.Build.0 = Release|Win32
		{631B0B69-DDCE-4DB1-9681-6A67D89999D6}.Release|x64.ActiveCfg = Release|x64
		{631B0B69-DDCE-4DB1-9681-6A67D89999D6}.Release|x64.Build.0 = Release|x64
		{39EAA991-100A-4A11-953C-BE265273DA42}.Debug|Win32.ActiveCfg = Debug|Win32
		{39EAA991-100A-4A11-953C-BE265273DA42}.Debug|Win32.Build.0 = Debug|Win32
		{39EAA991-100A-4A11-953C-BE265273DA42}.Debug|x64.ActiveCfg = Debug|x64
		{39EAA991-100A-4A11-953C-BE265273DA42}.Debug|x64.Build.0 = Debug|x64
		{39EAA991-100A-4A11-953C-BE265273DA42}.Release|Win32.ActiveCfg = Release|Win32
		{39EAA991-100A-4A11-953C-BE265273DA42}.Release|Win32.Build.0 = Release|Win32
		{39EAA991-100A-4A11-953C-BE265273DA42}.Release|x64.ActiveCfg = Release|x64
		{39EAA991-100A-4A11-953C-BE265273DA42}.Release|x64.Build.0 = Release|x64
		{14E9B566-A3AF-4EE0-A53F-6E867E603D0A}.Debug|Win32.ActiveCfg = Debug|Win32
		{14E9B566-A3AF-4EE0-A53F-6E867E603D0A}.Debug|Win32.Build.0 = Debug|Win32
		{14E9B566-A3AF-4EE0-A53F-6E867E603D0A}.Debug|x64.ActiveCfg = Debug|x64
		{14E9B566-A3AF-4EE0-A53F-6E867E603D0A}.Debug|x64.Build.0 = Debug|x64
		{14E9B566-A3AF-4EE0-A53F-6E867E603D0A}.Release|Win32.ActiveCfg = Release|Win32
		{14E9B566-A3AF-4EE0-A53F-6E867E603D0A}.Release|Win32.Build.0 = Release|Win32
		{14E9B566-A3AF-4EE0-A53F-6E867E603D0A}.Release|x64.ActiveCfg = Release|x64
		{14E9B566-A3AF-4EE0-A53F-6E867E603D0A}.Release|x64.Build.0 = Release|x64
	EndGlobalSection
	GlobalSection(SolutionProperties) = preSolution
		HideSolutionNode = FALSE
	EndGlobalSection
	GlobalSection(NestedProjects) = preSolution
		{4A56A31F-A9C9-42E1-AA8E-2A264A5E454D} = {5D28EE84-F85D-42BC-9315-14CF625E7303}
		{3C730827-28C3-4A65-B4D2-3466EF3F6DBF} = {5D28EE84-F85D-42BC-9315-14CF625E7303}
		{FC6DA6CD-A3B4-4CEB-B405-1C9E587E214C} = {5D28EE84-F85D-42BC-9315-14CF625E7303}
		{86DF1410-AADE-4192-8674-5D26F881706F} = {5D28EE84-F85D-42BC-9315-14CF625E7303}
		{EB38C219-A17C-45EC-B2D5-0186716DBEB0} = {270E5FEC-C221-4319-9AEE-B4C841BD3A8A}
		{E4AD719A-FFEE-49C2-B57F-4463BED2A387} = {270E5FEC-C221-4319-9AEE-B4C841BD3A8A}
		{4DA564D0-6DC8-42C7-A078-7A9EFF695D57} = {014AB0A4-4270-4F71-B249-8A101B0580BB}
		{34A8315A-D8FC-4854-85F2-7F5E851281BE} = {014AB0A4-4270-4F71-B249-8A101B0580BB}
		{5644E0AE-2800-4F64-B219-2AE47CFFDFCF} = {1EE00C3E-6643-4913-B213-8BDAF09FB210}
		{631B0B69-DDCE-4DB1-9681-6A67D89999D6} = {1EE00C3E-6643-4913-B213-8BDAF09FB210}
		{39EAA991-100A-4A11-953C-BE265273DA42} = {1EE00C3E-6643-4913-B213-8BDAF09FB210}
		{14E9B566-A3AF-4EE0-A53F-6E867E603D0A} = {1EE00C3E-6643-4913-B213-8BDAF09FB210}
	EndGlobalSection
	GlobalSection(ExtensibilityGlobals) = postSolution
		SolutionGuid = {5504B6F3-FF0B-4BA9-A663-1F0E39598F4D}
	EndGlobalSection
EndGlobal
